
Microsoft Visual Studio Solution File, Format Version 12.00
# Visual Studio Version 16
VisualStudioVersion = 16.0.30413.136
MinimumVisualStudioVersion = 10.0.40219.1
Project("{FAE04EC0-301F-11D3-BF4B-00C04F79EFBC}") = "ElevenNote.WebMVC", "ElevenNote.WebMVC\ElevenNote.WebMVC.csproj", "{4BDE58A3-B9BF-4E1D-AC09-7E24EFDFBA73}"
EndProject
Project("{FAE04EC0-301F-11D3-BF4B-00C04F79EFBC}") = "ElevenNote.Data", "ElevenNote.Data\ElevenNote.Data.csproj", "{5232E8FF-E768-4681-8025-C6DFD005F2C4}"
EndProject
Project("{FAE04EC0-301F-11D3-BF4B-00C04F79EFBC}") = "ElevenNote.Models", "ElevenNote.Models\ElevenNote.Models.csproj", "{BE2441E2-1529-4687-95CE-4BA3B192C525}"
EndProject
Project("{FAE04EC0-301F-11D3-BF4B-00C04F79EFBC}") = "ElevenNote.Services", "ElevenNote.Services\ElevenNote.Services.csproj", "{7F9EF0E7-2A29-43CE-B3A8-A1E399441C71}"
EndProject
Global
	GlobalSection(SolutionConfigurationPlatforms) = preSolution
		Debug|Any CPU = Debug|Any CPU
		Release|Any CPU = Release|Any CPU
	EndGlobalSection
	GlobalSection(ProjectConfigurationPlatforms) = postSolution
		{4BDE58A3-B9BF-4E1D-AC09-7E24EFDFBA73}.Debug|Any CPU.ActiveCfg = Debug|Any CPU
		{4BDE58A3-B9BF-4E1D-AC09-7E24EFDFBA73}.Debug|Any CPU.Build.0 = Debug|Any CPU
		{4BDE58A3-B9BF-4E1D-AC09-7E24EFDFBA73}.Release|Any CPU.ActiveCfg = Release|Any CPU
		{4BDE58A3-B9BF-4E1D-AC09-7E24EFDFBA73}.Release|Any CPU.Build.0 = Release|Any CPU
		{5232E8FF-E768-4681-8025-C6DFD005F2C4}.Debug|Any CPU.ActiveCfg = Debug|Any CPU
		{5232E8FF-E768-4681-8025-C6DFD005F2C4}.Debug|Any CPU.Build.0 = Debug|Any CPU
		{5232E8FF-E768-4681-8025-C6DFD005F2C4}.Release|Any CPU.ActiveCfg = Release|Any CPU
		{5232E8FF-E768-4681-8025-C6DFD005F2C4}.Release|Any CPU.Build.0 = Release|Any CPU
		{BE2441E2-1529-4687-95CE-4BA3B192C525}.Debug|Any CPU.ActiveCfg = Debug|Any CPU
		{BE2441E2-1529-4687-95CE-4BA3B192C525}.Debug|Any CPU.Build.0 = Debug|Any CPU
		{BE2441E2-1529-4687-95CE-4BA3B192C525}.Release|Any CPU.ActiveCfg = Release|Any CPU
		{BE2441E2-1529-4687-95CE-4BA3B192C525}.Release|Any CPU.Build.0 = Release|Any CPU
		{7F9EF0E7-2A29-43CE-B3A8-A1E399441C71}.Debug|Any CPU.ActiveCfg = Debug|Any CPU
		{7F9EF0E7-2A29-43CE-B3A8-A1E399441C71}.Debug|Any CPU.Build.0 = Debug|Any CPU
		{7F9EF0E7-2A29-43CE-B3A8-A1E399441C71}.Release|Any CPU.ActiveCfg = Release|Any CPU
		{7F9EF0E7-2A29-43CE-B3A8-A1E399441C71}.Release|Any CPU.Build.0 = Release|Any CPU
	EndGlobalSection
	GlobalSection(SolutionProperties) = preSolution
		HideSolutionNode = FALSE
	EndGlobalSection
	GlobalSection(ExtensibilityGlobals) = postSolution
		SolutionGuid = {70F64F0F-5D50-4615-85F4-9937784ADED3}
	EndGlobalSection
EndGlobal
